
Microsoft Visual Studio Solution File, Format Version 12.00
# Visual Studio 15
VisualStudioVersion = 15.0.26730.12
MinimumVisualStudioVersion = 10.0.40219.1
Project("{FAE04EC0-301F-11D3-BF4B-00C04F79EFBC}") = "ChessBoard", "ChessBoard\ChessBoard.csproj", "{BAB38D87-A726-4708-B79B-22F34D2D416B}"
EndProject
Global
	GlobalSection(SolutionConfigurationPlatforms) = preSolution
		Debug|Any CPU = Debug|Any CPU
		Release|Any CPU = Release|Any CPU
	EndGlobalSection
	GlobalSection(ProjectConfigurationPlatforms) = postSolution
		{BAB38D87-A726-4708-B79B-22F34D2D416B}.Debug|Any CPU.ActiveCfg = Debug|Any CPU
		{BAB38D87-A726-4708-B79B-22F34D2D416B}.Debug|Any CPU.Build.0 = Debug|Any CPU
		{BAB38D87-A726-4708-B79B-22F34D2D416B}.Release|Any CPU.ActiveCfg = Release|Any CPU
		{BAB38D87-A726-4708-B79B-22F34D2D416B}.Release|Any CPU.Build.0 = Release|Any CPU
	EndGlobalSection
	GlobalSection(SolutionProperties) = preSolution
		HideSolutionNode = FALSE
	EndGlobalSection
	GlobalSection(ExtensibilityGlobals) = postSolution
		SolutionGuid = {BF6DB208-E027-4B6B-91E4-F3035F8415D2}
	EndGlobalSection
EndGlobal
